// !$*UTF8*$!
{
	archiveVersion = 1;
	classes = {
	};
	objectVersion = 56;
	objects = {

/* Begin PBXBuildFile section */
		82C673912B5429900025853F /* SwiftUIFrameworkApp.swift in Sources */ = {isa = PBXBuildFile; fileRef = 82C673902B5429900025853F /* SwiftUIFrameworkApp.swift */; };
		82C673952B5429920025853F /* Assets.xcassets in Resources */ = {isa = PBXBuildFile; fileRef = 82C673942B5429920025853F /* Assets.xcassets */; };
		82C673982B5429920025853F /* Preview Assets.xcassets in Resources */ = {isa = PBXBuildFile; fileRef = 82C673972B5429920025853F /* Preview Assets.xcassets */; };
		82C673A22B5429930025853F /* SwiftUIFrameworkTests.swift in Sources */ = {isa = PBXBuildFile; fileRef = 82C673A12B5429930025853F /* SwiftUIFrameworkTests.swift */; };
		82C673AC2B5429930025853F /* SwiftUIFrameworkUITests.swift in Sources */ = {isa = PBXBuildFile; fileRef = 82C673AB2B5429930025853F /* SwiftUIFrameworkUITests.swift */; };
		82C673AE2B5429930025853F /* SwiftUIFrameworkUITestsLaunchTests.swift in Sources */ = {isa = PBXBuildFile; fileRef = 82C673AD2B5429930025853F /* SwiftUIFrameworkUITestsLaunchTests.swift */; };
		82C673BB2B542A370025853F /* Framework.swift in Sources */ = {isa = PBXBuildFile; fileRef = 82C673BA2B542A370025853F /* Framework.swift */; };
		82C673E12B542CE70025853F /* FrameworkGridView.swift in Sources */ = {isa = PBXBuildFile; fileRef = 82C673E02B542CE70025853F /* FrameworkGridView.swift */; };
		82C673E32B57F99F0025853F /* FrameworkDetailView.swift in Sources */ = {isa = PBXBuildFile; fileRef = 82C673E22B57F99F0025853F /* FrameworkDetailView.swift */; };
		82C673E52B5802110025853F /* AFButton.swift in Sources */ = {isa = PBXBuildFile; fileRef = 82C673E42B5802110025853F /* AFButton.swift */; };
		82C673E72B5836250025853F /* FrameworkGridViewModel.swift in Sources */ = {isa = PBXBuildFile; fileRef = 82C673E62B5836250025853F /* FrameworkGridViewModel.swift */; };
		82C673E92B5900720025853F /* SafariView.swift in Sources */ = {isa = PBXBuildFile; fileRef = 82C673E82B5900720025853F /* SafariView.swift */; };
		82C673EB2B5906EB0025853F /* FrameworkTitleView.swift in Sources */ = {isa = PBXBuildFile; fileRef = 82C673EA2B5906EB0025853F /* FrameworkTitleView.swift */; };
		82C673ED2B5927F00025853F /* XDismissButton.swift in Sources */ = {isa = PBXBuildFile; fileRef = 82C673EC2B5927F00025853F /* XDismissButton.swift */; };
/* End PBXBuildFile section */

/* Begin PBXContainerItemProxy section */
		82C6739E2B5429930025853F /* PBXContainerItemProxy */ = {
			isa = PBXContainerItemProxy;
			containerPortal = 82C673852B5429900025853F /* Project object */;
			proxyType = 1;
			remoteGlobalIDString = 82C6738C2B5429900025853F;
			remoteInfo = SwiftUIFramework;
		};
		82C673A82B5429930025853F /* PBXContainerItemProxy */ = {
			isa = PBXContainerItemProxy;
			containerPortal = 82C673852B5429900025853F /* Project object */;
			proxyType = 1;
			remoteGlobalIDString = 82C6738C2B5429900025853F;
			remoteInfo = SwiftUIFramework;
		};
/* End PBXContainerItemProxy section */

/* Begin PBXFileReference section */
		82C6738D2B5429900025853F /* SwiftUIFramework.app */ = {isa = PBXFileReference; explicitFileType = wrapper.application; includeInIndex = 0; path = SwiftUIFramework.app; sourceTree = BUILT_PRODUCTS_DIR; };
		82C673902B5429900025853F /* SwiftUIFrameworkApp.swift */ = {isa = PBXFileReference; lastKnownFileType = sourcecode.swift; path = SwiftUIFrameworkApp.swift; sourceTree = "<group>"; };
		82C673942B5429920025853F /* Assets.xcassets */ = {isa = PBXFileReference; lastKnownFileType = folder.assetcatalog; path = Assets.xcassets; sourceTree = "<group>"; };
		82C673972B5429920025853F /* Preview Assets.xcassets */ = {isa = PBXFileReference; lastKnownFileType = folder.assetcatalog; path = "Preview Assets.xcassets"; sourceTree = "<group>"; };
		82C6739D2B5429930025853F /* SwiftUIFrameworkTests.xctest */ = {isa = PBXFileReference; explicitFileType = wrapper.cfbundle; includeInIndex = 0; path = SwiftUIFrameworkTests.xctest; sourceTree = BUILT_PRODUCTS_DIR; };
		82C673A12B5429930025853F /* SwiftUIFrameworkTests.swift */ = {isa = PBXFileReference; lastKnownFileType = sourcecode.swift; path = SwiftUIFrameworkTests.swift; sourceTree = "<group>"; };
		82C673A72B5429930025853F /* SwiftUIFrameworkUITests.xctest */ = {isa = PBXFileReference; explicitFileType = wrapper.cfbundle; includeInIndex = 0; path = SwiftUIFrameworkUITests.xctest; sourceTree = BUILT_PRODUCTS_DIR; };
		82C673AB2B5429930025853F /* SwiftUIFrameworkUITests.swift */ = {isa = PBXFileReference; lastKnownFileType = sourcecode.swift; path = SwiftUIFrameworkUITests.swift; sourceTree = "<group>"; };
		82C673AD2B5429930025853F /* SwiftUIFrameworkUITestsLaunchTests.swift */ = {isa = PBXFileReference; lastKnownFileType = sourcecode.swift; path = SwiftUIFrameworkUITestsLaunchTests.swift; sourceTree = "<group>"; };
		82C673BA2B542A370025853F /* Framework.swift */ = {isa = PBXFileReference; lastKnownFileType = sourcecode.swift; path = Framework.swift; sourceTree = "<group>"; };
		82C673E02B542CE70025853F /* FrameworkGridView.swift */ = {isa = PBXFileReference; lastKnownFileType = sourcecode.swift; path = FrameworkGridView.swift; sourceTree = "<group>"; };
		82C673E22B57F99F0025853F /* FrameworkDetailView.swift */ = {isa = PBXFileReference; lastKnownFileType = sourcecode.swift; path = FrameworkDetailView.swift; sourceTree = "<group>"; };
		82C673E42B5802110025853F /* AFButton.swift */ = {isa = PBXFileReference; lastKnownFileType = sourcecode.swift; path = AFButton.swift; sourceTree = "<group>"; };
		82C673E62B5836250025853F /* FrameworkGridViewModel.swift */ = {isa = PBXFileReference; lastKnownFileType = sourcecode.swift; path = FrameworkGridViewModel.swift; sourceTree = "<group>"; };
		82C673E82B5900720025853F /* SafariView.swift */ = {isa = PBXFileReference; lastKnownFileType = sourcecode.swift; path = SafariView.swift; sourceTree = "<group>"; };
		82C673EA2B5906EB0025853F /* FrameworkTitleView.swift */ = {isa = PBXFileReference; lastKnownFileType = sourcecode.swift; path = FrameworkTitleView.swift; sourceTree = "<group>"; };
		82C673EC2B5927F00025853F /* XDismissButton.swift */ = {isa = PBXFileReference; lastKnownFileType = sourcecode.swift; path = XDismissButton.swift; sourceTree = "<group>"; };
/* End PBXFileReference section */

/* Begin PBXFrameworksBuildPhase section */
		82C6738A2B5429900025853F /* Frameworks */ = {
			isa = PBXFrameworksBuildPhase;
			buildActionMask = 2147483647;
			files = (
			);
			runOnlyForDeploymentPostprocessing = 0;
		};
		82C6739A2B5429930025853F /* Frameworks */ = {
			isa = PBXFrameworksBuildPhase;
			buildActionMask = 2147483647;
			files = (
			);
			runOnlyForDeploymentPostprocessing = 0;
		};
		82C673A42B5429930025853F /* Frameworks */ = {
			isa = PBXFrameworksBuildPhase;
			buildActionMask = 2147483647;
			files = (
			);
			runOnlyForDeploymentPostprocessing = 0;
		};
/* End PBXFrameworksBuildPhase section */

/* Begin PBXGroup section */
		82C673842B5429900025853F = {
			isa = PBXGroup;
			children = (
				82C6738F2B5429900025853F /* SwiftUIFramework */,
				82C673A02B5429930025853F /* SwiftUIFrameworkTests */,
				82C673AA2B5429930025853F /* SwiftUIFrameworkUITests */,
				82C6738E2B5429900025853F /* Products */,
			);
			sourceTree = "<group>";
		};
		82C6738E2B5429900025853F /* Products */ = {
			isa = PBXGroup;
			children = (
				82C6738D2B5429900025853F /* SwiftUIFramework.app */,
				82C6739D2B5429930025853F /* SwiftUIFrameworkTests.xctest */,
				82C673A72B5429930025853F /* SwiftUIFrameworkUITests.xctest */,
			);
			name = Products;
			sourceTree = "<group>";
		};
		82C6738F2B5429900025853F /* SwiftUIFramework */ = {
			isa = PBXGroup;
			children = (
				82DC738F2B5B3703007A5082 /* UIKit Components */,
				82DC738C2B5B3683007A5082 /* Views */,
				82DC738B2B5B342C007A5082 /* Model */,
				82DC73882B5B335F007A5082 /* Screens */,
				82C673902B5429900025853F /* SwiftUIFrameworkApp.swift */,
				82C673942B5429920025853F /* Assets.xcassets */,
				82C673962B5429920025853F /* Preview Content */,
			);
			path = SwiftUIFramework;
			sourceTree = "<group>";
		};
		82C673962B5429920025853F /* Preview Content */ = {
			isa = PBXGroup;
			children = (
				82C673972B5429920025853F /* Preview Assets.xcassets */,
			);
			path = "Preview Content";
			sourceTree = "<group>";
		};
		82C673A02B5429930025853F /* SwiftUIFrameworkTests */ = {
			isa = PBXGroup;
			children = (
				82C673A12B5429930025853F /* SwiftUIFrameworkTests.swift */,
			);
			path = SwiftUIFrameworkTests;
			sourceTree = "<group>";
		};
		82C673AA2B5429930025853F /* SwiftUIFrameworkUITests */ = {
			isa = PBXGroup;
			children = (
				82C673AB2B5429930025853F /* SwiftUIFrameworkUITests.swift */,
				82C673AD2B5429930025853F /* SwiftUIFrameworkUITestsLaunchTests.swift */,
			);
			path = SwiftUIFrameworkUITests;
			sourceTree = "<group>";
		};
		82DC73882B5B335F007A5082 /* Screens */ = {
			isa = PBXGroup;
			children = (
				82DC738A2B5B3409007A5082 /* FrameworkDetailView */,
				82DC73892B5B336C007A5082 /* FrameworkGridView */,
			);
			path = Screens;
			sourceTree = "<group>";
		};
		82DC73892B5B336C007A5082 /* FrameworkGridView */ = {
			isa = PBXGroup;
			children = (
				82C673E62B5836250025853F /* FrameworkGridViewModel.swift */,
				82C673E02B542CE70025853F /* FrameworkGridView.swift */,
			);
			path = FrameworkGridView;
			sourceTree = "<group>";
		};
		82DC738A2B5B3409007A5082 /* FrameworkDetailView */ = {
			isa = PBXGroup;
			children = (
				82C673E22B57F99F0025853F /* FrameworkDetailView.swift */,
			);
			path = FrameworkDetailView;
			sourceTree = "<group>";
		};
		82DC738B2B5B342C007A5082 /* Model */ = {
			isa = PBXGroup;
			children = (
				82C673BA2B542A370025853F /* Framework.swift */,
			);
			path = Model;
			sourceTree = "<group>";
		};
		82DC738C2B5B3683007A5082 /* Views */ = {
			isa = PBXGroup;
			children = (
				82DC738E2B5B36CF007A5082 /* View */,
				82DC738D2B5B3690007A5082 /* Buttons */,
			);
			path = Views;
			sourceTree = "<group>";
		};
		82DC738D2B5B3690007A5082 /* Buttons */ = {
			isa = PBXGroup;
			children = (
				82C673E42B5802110025853F /* AFButton.swift */,
				82C673EC2B5927F00025853F /* XDismissButton.swift */,
			);
			path = Buttons;
			sourceTree = "<group>";
		};
		82DC738E2B5B36CF007A5082 /* View */ = {
			isa = PBXGroup;
			children = (
				82C673EA2B5906EB0025853F /* FrameworkTitleView.swift */,
			);
			path = View;
			sourceTree = "<group>";
		};
		82DC738F2B5B3703007A5082 /* UIKit Components */ = {
			isa = PBXGroup;
			children = (
				82C673E82B5900720025853F /* SafariView.swift */,
			);
			path = "UIKit Components";
			sourceTree = "<group>";
		};
/* End PBXGroup section */

/* Begin PBXNativeTarget section */
		82C6738C2B5429900025853F /* SwiftUIFramework */ = {
			isa = PBXNativeTarget;
			buildConfigurationList = 82C673B12B5429930025853F /* Build configuration list for PBXNativeTarget "SwiftUIFramework" */;
			buildPhases = (
				82C673892B5429900025853F /* Sources */,
				82C6738A2B5429900025853F /* Frameworks */,
				82C6738B2B5429900025853F /* Resources */,
			);
			buildRules = (
			);
			dependencies = (
			);
			name = SwiftUIFramework;
			productName = SwiftUIFramework;
			productReference = 82C6738D2B5429900025853F /* SwiftUIFramework.app */;
			productType = "com.apple.product-type.application";
		};
		82C6739C2B5429930025853F /* SwiftUIFrameworkTests */ = {
			isa = PBXNativeTarget;
			buildConfigurationList = 82C673B42B5429930025853F /* Build configuration list for PBXNativeTarget "SwiftUIFrameworkTests" */;
			buildPhases = (
				82C673992B5429930025853F /* Sources */,
				82C6739A2B5429930025853F /* Frameworks */,
				82C6739B2B5429930025853F /* Resources */,
			);
			buildRules = (
			);
			dependencies = (
				82C6739F2B5429930025853F /* PBXTargetDependency */,
			);
			name = SwiftUIFrameworkTests;
			productName = SwiftUIFrameworkTests;
			productReference = 82C6739D2B5429930025853F /* SwiftUIFrameworkTests.xctest */;
			productType = "com.apple.product-type.bundle.unit-test";
		};
		82C673A62B5429930025853F /* SwiftUIFrameworkUITests */ = {
			isa = PBXNativeTarget;
			buildConfigurationList = 82C673B72B5429930025853F /* Build configuration list for PBXNativeTarget "SwiftUIFrameworkUITests" */;
			buildPhases = (
				82C673A32B5429930025853F /* Sources */,
				82C673A42B5429930025853F /* Frameworks */,
				82C673A52B5429930025853F /* Resources */,
			);
			buildRules = (
			);
			dependencies = (
				82C673A92B5429930025853F /* PBXTargetDependency */,
			);
			name = SwiftUIFrameworkUITests;
			productName = SwiftUIFrameworkUITests;
			productReference = 82C673A72B5429930025853F /* SwiftUIFrameworkUITests.xctest */;
			productType = "com.apple.product-type.bundle.ui-testing";
		};
/* End PBXNativeTarget section */

/* Begin PBXProject section */
		82C673852B5429900025853F /* Project object */ = {
			isa = PBXProject;
			attributes = {
				BuildIndependentTargetsInParallel = 1;
				LastSwiftUpdateCheck = 1430;
				LastUpgradeCheck = 1430;
				TargetAttributes = {
					82C6738C2B5429900025853F = {
						CreatedOnToolsVersion = 14.3;
					};
					82C6739C2B5429930025853F = {
						CreatedOnToolsVersion = 14.3;
						TestTargetID = 82C6738C2B5429900025853F;
					};
					82C673A62B5429930025853F = {
						CreatedOnToolsVersion = 14.3;
						TestTargetID = 82C6738C2B5429900025853F;
					};
				};
			};
			buildConfigurationList = 82C673882B5429900025853F /* Build configuration list for PBXProject "SwiftUIFramework" */;
			compatibilityVersion = "Xcode 14.0";
			developmentRegion = en;
			hasScannedForEncodings = 0;
			knownRegions = (
				en,
				Base,
			);
			mainGroup = 82C673842B5429900025853F;
			productRefGroup = 82C6738E2B5429900025853F /* Products */;
			projectDirPath = "";
			projectRoot = "";
			targets = (
				82C6738C2B5429900025853F /* SwiftUIFramework */,
				82C6739C2B5429930025853F /* SwiftUIFrameworkTests */,
				82C673A62B5429930025853F /* SwiftUIFrameworkUITests */,
			);
		};
/* End PBXProject section */

/* Begin PBXResourcesBuildPhase section */
		82C6738B2B5429900025853F /* Resources */ = {
			isa = PBXResourcesBuildPhase;
			buildActionMask = 2147483647;
			files = (
				82C673982B5429920025853F /* Preview Assets.xcassets in Resources */,
				82C673952B5429920025853F /* Assets.xcassets in Resources */,
			);
			runOnlyForDeploymentPostprocessing = 0;
		};
		82C6739B2B5429930025853F /* Resources */ = {
			isa = PBXResourcesBuildPhase;
			buildActionMask = 2147483647;
			files = (
			);
			runOnlyForDeploymentPostprocessing = 0;
		};
		82C673A52B5429930025853F /* Resources */ = {
			isa = PBXResourcesBuildPhase;
			buildActionMask = 2147483647;
			files = (
			);
			runOnlyForDeploymentPostprocessing = 0;
		};
/* End PBXResourcesBuildPhase section */

/* Begin PBXSourcesBuildPhase section */
		82C673892B5429900025853F /* Sources */ = {
			isa = PBXSourcesBuildPhase;
			buildActionMask = 2147483647;
			files = (
				82C673E32B57F99F0025853F /* FrameworkDetailView.swift in Sources */,
				82C673E12B542CE70025853F /* FrameworkGridView.swift in Sources */,
				82C673ED2B5927F00025853F /* XDismissButton.swift in Sources */,
				82C673BB2B542A370025853F /* Framework.swift in Sources */,
				82C673E52B5802110025853F /* AFButton.swift in Sources */,
				82C673912B5429900025853F /* SwiftUIFrameworkApp.swift in Sources */,
				82C673E72B5836250025853F /* FrameworkGridViewModel.swift in Sources */,
				82C673EB2B5906EB0025853F /* FrameworkTitleView.swift in Sources */,
				82C673E92B5900720025853F /* SafariView.swift in Sources */,
			);
			runOnlyForDeploymentPostprocessing = 0;
		};
		82C673992B5429930025853F /* Sources */ = {
			isa = PBXSourcesBuildPhase;
			buildActionMask = 2147483647;
			files = (
				82C673A22B5429930025853F /* SwiftUIFrameworkTests.swift in Sources */,
			);
			runOnlyForDeploymentPostprocessing = 0;
		};
		82C673A32B5429930025853F /* Sources */ = {
			isa = PBXSourcesBuildPhase;
			buildActionMask = 2147483647;
			files = (
				82C673AC2B5429930025853F /* SwiftUIFrameworkUITests.swift in Sources */,
				82C673AE2B5429930025853F /* SwiftUIFrameworkUITestsLaunchTests.swift in Sources */,
			);
			runOnlyForDeploymentPostprocessing = 0;
		};
/* End PBXSourcesBuildPhase section */

/* Begin PBXTargetDependency section */
		82C6739F2B5429930025853F /* PBXTargetDependency */ = {
			isa = PBXTargetDependency;
			target = 82C6738C2B5429900025853F /* SwiftUIFramework */;
			targetProxy = 82C6739E2B5429930025853F /* PBXContainerItemProxy */;
		};
		82C673A92B5429930025853F /* PBXTargetDependency */ = {
			isa = PBXTargetDependency;
			target = 82C6738C2B5429900025853F /* SwiftUIFramework */;
			targetProxy = 82C673A82B5429930025853F /* PBXContainerItemProxy */;
		};
/* End PBXTargetDependency section */

/* Begin XCBuildConfiguration section */
		82C673AF2B5429930025853F /* Debug */ = {
			isa = XCBuildConfiguration;
			buildSettings = {
				ALWAYS_SEARCH_USER_PATHS = NO;
				CLANG_ANALYZER_NONNULL = YES;
				CLANG_ANALYZER_NUMBER_OBJECT_CONVERSION = YES_AGGRESSIVE;
				CLANG_CXX_LANGUAGE_STANDARD = "gnu++20";
				CLANG_ENABLE_MODULES = YES;
				CLANG_ENABLE_OBJC_ARC = YES;
				CLANG_ENABLE_OBJC_WEAK = YES;
				CLANG_WARN_BLOCK_CAPTURE_AUTORELEASING = YES;
				CLANG_WARN_BOOL_CONVERSION = YES;
				CLANG_WARN_COMMA = YES;
				CLANG_WARN_CONSTANT_CONVERSION = YES;
				CLANG_WARN_DEPRECATED_OBJC_IMPLEMENTATIONS = YES;
				CLANG_WARN_DIRECT_OBJC_ISA_USAGE = YES_ERROR;
				CLANG_WARN_DOCUMENTATION_COMMENTS = YES;
				CLANG_WARN_EMPTY_BODY = YES;
				CLANG_WARN_ENUM_CONVERSION = YES;
				CLANG_WARN_INFINITE_RECURSION = YES;
				CLANG_WARN_INT_CONVERSION = YES;
				CLANG_WARN_NON_LITERAL_NULL_CONVERSION = YES;
				CLANG_WARN_OBJC_IMPLICIT_RETAIN_SELF = YES;
				CLANG_WARN_OBJC_LITERAL_CONVERSION = YES;
				CLANG_WARN_OBJC_ROOT_CLASS = YES_ERROR;
				CLANG_WARN_QUOTED_INCLUDE_IN_FRAMEWORK_HEADER = YES;
				CLANG_WARN_RANGE_LOOP_ANALYSIS = YES;
				CLANG_WARN_STRICT_PROTOTYPES = YES;
				CLANG_WARN_SUSPICIOUS_MOVE = YES;
				CLANG_WARN_UNGUARDED_AVAILABILITY = YES_AGGRESSIVE;
				CLANG_WARN_UNREACHABLE_CODE = YES;
				CLANG_WARN__DUPLICATE_METHOD_MATCH = YES;
				COPY_PHASE_STRIP = NO;
				DEBUG_INFORMATION_FORMAT = dwarf;
				ENABLE_STRICT_OBJC_MSGSEND = YES;
				ENABLE_TESTABILITY = YES;
				GCC_C_LANGUAGE_STANDARD = gnu11;
				GCC_DYNAMIC_NO_PIC = NO;
				GCC_NO_COMMON_BLOCKS = YES;
				GCC_OPTIMIZATION_LEVEL = 0;
				GCC_PREPROCESSOR_DEFINITIONS = (
					"DEBUG=1",
					"$(inherited)",
				);
				GCC_WARN_64_TO_32_BIT_CONVERSION = YES;
				GCC_WARN_ABOUT_RETURN_TYPE = YES_ERROR;
				GCC_WARN_UNDECLARED_SELECTOR = YES;
				GCC_WARN_UNINITIALIZED_AUTOS = YES_AGGRESSIVE;
				GCC_WARN_UNUSED_FUNCTION = YES;
				GCC_WARN_UNUSED_VARIABLE = YES;
				IPHONEOS_DEPLOYMENT_TARGET = 16.4;
				MTL_ENABLE_DEBUG_INFO = INCLUDE_SOURCE;
				MTL_FAST_MATH = YES;
				ONLY_ACTIVE_ARCH = YES;
				SDKROOT = iphoneos;
				SWIFT_ACTIVE_COMPILATION_CONDITIONS = DEBUG;
				SWIFT_OPTIMIZATION_LEVEL = "-Onone";
			};
			name = Debug;
		};
		82C673B02B5429930025853F /* Release */ = {
			isa = XCBuildConfiguration;
			buildSettings = {
				ALWAYS_SEARCH_USER_PATHS = NO;
				CLANG_ANALYZER_NONNULL = YES;
				CLANG_ANALYZER_NUMBER_OBJECT_CONVERSION = YES_AGGRESSIVE;
				CLANG_CXX_LANGUAGE_STANDARD = "gnu++20";
				CLANG_ENABLE_MODULES = YES;
				CLANG_ENABLE_OBJC_ARC = YES;
				CLANG_ENABLE_OBJC_WEAK = YES;
				CLANG_WARN_BLOCK_CAPTURE_AUTORELEASING = YES;
				CLANG_WARN_BOOL_CONVERSION = YES;
				CLANG_WARN_COMMA = YES;
				CLANG_WARN_CONSTANT_CONVERSION = YES;
				CLANG_WARN_DEPRECATED_OBJC_IMPLEMENTATIONS = YES;
				CLANG_WARN_DIRECT_OBJC_ISA_USAGE = YES_ERROR;
				CLANG_WARN_DOCUMENTATION_COMMENTS = YES;
				CLANG_WARN_EMPTY_BODY = YES;
				CLANG_WARN_ENUM_CONVERSION = YES;
				CLANG_WARN_INFINITE_RECURSION = YES;
				CLANG_WARN_INT_CONVERSION = YES;
				CLANG_WARN_NON_LITERAL_NULL_CONVERSION = YES;
				CLANG_WARN_OBJC_IMPLICIT_RETAIN_SELF = YES;
				CLANG_WARN_OBJC_LITERAL_CONVERSION = YES;
				CLANG_WARN_OBJC_ROOT_CLASS = YES_ERROR;
				CLANG_WARN_QUOTED_INCLUDE_IN_FRAMEWORK_HEADER = YES;
				CLANG_WARN_RANGE_LOOP_ANALYSIS = YES;
				CLANG_WARN_STRICT_PROTOTYPES = YES;
				CLANG_WARN_SUSPICIOUS_MOVE = YES;
				CLANG_WARN_UNGUARDED_AVAILABILITY = YES_AGGRESSIVE;
				CLANG_WARN_UNREACHABLE_CODE = YES;
				CLANG_WARN__DUPLICATE_METHOD_MATCH = YES;
				COPY_PHASE_STRIP = NO;
				DEBUG_INFORMATION_FORMAT = "dwarf-with-dsym";
				ENABLE_NS_ASSERTIONS = NO;
				ENABLE_STRICT_OBJC_MSGSEND = YES;
				GCC_C_LANGUAGE_STANDARD = gnu11;
				GCC_NO_COMMON_BLOCKS = YES;
				GCC_WARN_64_TO_32_BIT_CONVERSION = YES;
				GCC_WARN_ABOUT_RETURN_TYPE = YES_ERROR;
				GCC_WARN_UNDECLARED_SELECTOR = YES;
				GCC_WARN_UNINITIALIZED_AUTOS = YES_AGGRESSIVE;
				GCC_WARN_UNUSED_FUNCTION = YES;
				GCC_WARN_UNUSED_VARIABLE = YES;
				IPHONEOS_DEPLOYMENT_TARGET = 16.4;
				MTL_ENABLE_DEBUG_INFO = NO;
				MTL_FAST_MATH = YES;
				SDKROOT = iphoneos;
				SWIFT_COMPILATION_MODE = wholemodule;
				SWIFT_OPTIMIZATION_LEVEL = "-O";
				VALIDATE_PRODUCT = YES;
			};
			name = Release;
		};
		82C673B22B5429930025853F /* Debug */ = {
			isa = XCBuildConfiguration;
			buildSettings = {
				ASSETCATALOG_COMPILER_APPICON_NAME = AppIcon;
				ASSETCATALOG_COMPILER_GLOBAL_ACCENT_COLOR_NAME = AccentColor;
				CODE_SIGN_STYLE = Automatic;
				CURRENT_PROJECT_VERSION = 1;
				DEVELOPMENT_ASSET_PATHS = "\"SwiftUIFramework/Preview Content\"";
				DEVELOPMENT_TEAM = 3D9VAD2697;
				ENABLE_PREVIEWS = YES;
				GENERATE_INFOPLIST_FILE = YES;
				INFOPLIST_KEY_UIApplicationSceneManifest_Generation = YES;
				INFOPLIST_KEY_UIApplicationSupportsIndirectInputEvents = YES;
				INFOPLIST_KEY_UILaunchScreen_Generation = YES;
				INFOPLIST_KEY_UISupportedInterfaceOrientations_iPad = "UIInterfaceOrientationPortrait UIInterfaceOrientationPortraitUpsideDown UIInterfaceOrientationLandscapeLeft UIInterfaceOrientationLandscapeRight";
				INFOPLIST_KEY_UISupportedInterfaceOrientations_iPhone = "UIInterfaceOrientationPortrait UIInterfaceOrientationLandscapeLeft UIInterfaceOrientationLandscapeRight";
				LD_RUNPATH_SEARCH_PATHS = (
					"$(inherited)",
					"@executable_path/Frameworks",
				);
				MARKETING_VERSION = 1.0;
				PRODUCT_BUNDLE_IDENTIFIER = "Essential-Developer.SwiftUIFramework";
				PRODUCT_NAME = "$(TARGET_NAME)";
				SWIFT_EMIT_LOC_STRINGS = YES;
				SWIFT_VERSION = 5.0;
				TARGETED_DEVICE_FAMILY = "1,2";
			};
			name = Debug;
		};
		82C673B32B5429930025853F /* Release */ = {
			isa = XCBuildConfiguration;
			buildSettings = {
				ASSETCATALOG_COMPILER_APPICON_NAME = AppIcon;
				ASSETCATALOG_COMPILER_GLOBAL_ACCENT_COLOR_NAME = AccentColor;
				CODE_SIGN_STYLE = Automatic;
				CURRENT_PROJECT_VERSION = 1;
				DEVELOPMENT_ASSET_PATHS = "\"SwiftUIFramework/Preview Content\"";
				DEVELOPMENT_TEAM = 3D9VAD2697;
				ENABLE_PREVIEWS = YES;
				GENERATE_INFOPLIST_FILE = YES;
				INFOPLIST_KEY_UIApplicationSceneManifest_Generation = YES;
				INFOPLIST_KEY_UIApplicationSupportsIndirectInputEvents = YES;
				INFOPLIST_KEY_UILaunchScreen_Generation = YES;
				INFOPLIST_KEY_UISupportedInterfaceOrientations_iPad = "UIInterfaceOrientationPortrait UIInterfaceOrientationPortraitUpsideDown UIInterfaceOrientationLandscapeLeft UIInterfaceOrientationLandscapeRight";
				INFOPLIST_KEY_UISupportedInterfaceOrientations_iPhone = "UIInterfaceOrientationPortrait UIInterfaceOrientationLandscapeLeft UIInterfaceOrientationLandscapeRight";
				LD_RUNPATH_SEARCH_PATHS = (
					"$(inherited)",
					"@executable_path/Frameworks",
				);
				MARKETING_VERSION = 1.0;
				PRODUCT_BUNDLE_IDENTIFIER = "Essential-Developer.SwiftUIFramework";
				PRODUCT_NAME = "$(TARGET_NAME)";
				SWIFT_EMIT_LOC_STRINGS = YES;
				SWIFT_VERSION = 5.0;
				TARGETED_DEVICE_FAMILY = "1,2";
			};
			name = Release;
		};
		82C673B52B5429930025853F /* Debug */ = {
			isa = XCBuildConfiguration;
			buildSettings = {
				ALWAYS_EMBED_SWIFT_STANDARD_LIBRARIES = YES;
				BUNDLE_LOADER = "$(TEST_HOST)";
				CODE_SIGN_STYLE = Automatic;
				CURRENT_PROJECT_VERSION = 1;
				DEVELOPMENT_TEAM = 3D9VAD2697;
				GENERATE_INFOPLIST_FILE = YES;
				IPHONEOS_DEPLOYMENT_TARGET = 16.4;
				MARKETING_VERSION = 1.0;
				PRODUCT_BUNDLE_IDENTIFIER = "Essential-Developer.SwiftUIFrameworkTests";
				PRODUCT_NAME = "$(TARGET_NAME)";
				SWIFT_EMIT_LOC_STRINGS = NO;
				SWIFT_VERSION = 5.0;
				TARGETED_DEVICE_FAMILY = "1,2";
				TEST_HOST = "$(BUILT_PRODUCTS_DIR)/SwiftUIFramework.app/$(BUNDLE_EXECUTABLE_FOLDER_PATH)/SwiftUIFramework";
			};
			name = Debug;
		};
		82C673B62B5429930025853F /* Release */ = {
			isa = XCBuildConfiguration;
			buildSettings = {
				ALWAYS_EMBED_SWIFT_STANDARD_LIBRARIES = YES;
				BUNDLE_LOADER = "$(TEST_HOST)";
				CODE_SIGN_STYLE = Automatic;
				CURRENT_PROJECT_VERSION = 1;
				DEVELOPMENT_TEAM = 3D9VAD2697;
				GENERATE_INFOPLIST_FILE = YES;
				IPHONEOS_DEPLOYMENT_TARGET = 16.4;
				MARKETING_VERSION = 1.0;
				PRODUCT_BUNDLE_IDENTIFIER = "Essential-Developer.SwiftUIFrameworkTests";
				PRODUCT_NAME = "$(TARGET_NAME)";
				SWIFT_EMIT_LOC_STRINGS = NO;
				SWIFT_VERSION = 5.0;
				TARGETED_DEVICE_FAMILY = "1,2";
				TEST_HOST = "$(BUILT_PRODUCTS_DIR)/SwiftUIFramework.app/$(BUNDLE_EXECUTABLE_FOLDER_PATH)/SwiftUIFramework";
			};
			name = Release;
		};
		82C673B82B5429930025853F /* Debug */ = {
			isa = XCBuildConfiguration;
			buildSettings = {
				ALWAYS_EMBED_SWIFT_STANDARD_LIBRARIES = YES;
				CODE_SIGN_STYLE = Automatic;
				CURRENT_PROJECT_VERSION = 1;
				DEVELOPMENT_TEAM = 3D9VAD2697;
				GENERATE_INFOPLIST_FILE = YES;
				MARKETING_VERSION = 1.0;
				PRODUCT_BUNDLE_IDENTIFIER = "Essential-Developer.SwiftUIFrameworkUITests";
				PRODUCT_NAME = "$(TARGET_NAME)";
				SWIFT_EMIT_LOC_STRINGS = NO;
				SWIFT_VERSION = 5.0;
				TARGETED_DEVICE_FAMILY = "1,2";
				TEST_TARGET_NAME = SwiftUIFramework;
			};
			name = Debug;
		};
		82C673B92B5429930025853F /* Release */ = {
			isa = XCBuildConfiguration;
			buildSettings = {
				ALWAYS_EMBED_SWIFT_STANDARD_LIBRARIES = YES;
				CODE_SIGN_STYLE = Automatic;
				CURRENT_PROJECT_VERSION = 1;
				DEVELOPMENT_TEAM = 3D9VAD2697;
				GENERATE_INFOPLIST_FILE = YES;
				MARKETING_VERSION = 1.0;
				PRODUCT_BUNDLE_IDENTIFIER = "Essential-Developer.SwiftUIFrameworkUITests";
				PRODUCT_NAME = "$(TARGET_NAME)";
				SWIFT_EMIT_LOC_STRINGS = NO;
				SWIFT_VERSION = 5.0;
				TARGETED_DEVICE_FAMILY = "1,2";
				TEST_TARGET_NAME = SwiftUIFramework;
			};
			name = Release;
		};
/* End XCBuildConfiguration section */

/* Begin XCConfigurationList section */
		82C673882B5429900025853F /* Build configuration list for PBXProject "SwiftUIFramework" */ = {
			isa = XCConfigurationList;
			buildConfigurations = (
				82C673AF2B5429930025853F /* Debug */,
				82C673B02B5429930025853F /* Release */,
			);
			defaultConfigurationIsVisible = 0;
			defaultConfigurationName = Release;
		};
		82C673B12B5429930025853F /* Build configuration list for PBXNativeTarget "SwiftUIFramework" */ = {
			isa = XCConfigurationList;
			buildConfigurations = (
				82C673B22B5429930025853F /* Debug */,
				82C673B32B5429930025853F /* Release */,
			);
			defaultConfigurationIsVisible = 0;
			defaultConfigurationName = Release;
		};
		82C673B42B5429930025853F /* Build configuration list for PBXNativeTarget "SwiftUIFrameworkTests" */ = {
			isa = XCConfigurationList;
			buildConfigurations = (
				82C673B52B5429930025853F /* Debug */,
				82C673B62B5429930025853F /* Release */,
			);
			defaultConfigurationIsVisible = 0;
			defaultConfigurationName = Release;
		};
		82C673B72B5429930025853F /* Build configuration list for PBXNativeTarget "SwiftUIFrameworkUITests" */ = {
			isa = XCConfigurationList;
			buildConfigurations = (
				82C673B82B5429930025853F /* Debug */,
				82C673B92B5429930025853F /* Release */,
			);
			defaultConfigurationIsVisible = 0;
			defaultConfigurationName = Release;
		};
/* End XCConfigurationList section */
	};
	rootObject = 82C673852B5429900025853F /* Project object */;
}
